
Microsoft Visual Studio Solution File, Format Version 12.00
# Visual Studio Version 17
VisualStudioVersion = 17.8.34330.188
MinimumVisualStudioVersion = 10.0.40219.1
Project("{FAE04EC0-301F-11D3-BF4B-00C04F79EFBC}") = "WinFormsApp1", "WinFormsApp1.csproj", "{098B38E3-5FBC-4C60-A1CA-FD25B707EFB7}"
EndProject
Global
	GlobalSection(SolutionConfigurationPlatforms) = preSolution
		Debug|Any CPU = Debug|Any CPU
		Release|Any CPU = Release|Any CPU
	EndGlobalSection
	GlobalSection(ProjectConfigurationPlatforms) = postSolution
		{098B38E3-5FBC-4C60-A1CA-FD25B707EFB7}.Debug|Any CPU.ActiveCfg = Debug|Any CPU
		{098B38E3-5FBC-4C60-A1CA-FD25B707EFB7}.Debug|Any CPU.Build.0 = Debug|Any CPU
		{098B38E3-5FBC-4C60-A1CA-FD25B707EFB7}.Release|Any CPU.ActiveCfg = Release|Any CPU
		{098B38E3-5FBC-4C60-A1CA-FD25B707EFB7}.Release|Any CPU.Build.0 = Release|Any CPU
	EndGlobalSection
	GlobalSection(SolutionProperties) = preSolution
		HideSolutionNode = FALSE
	EndGlobalSection
	GlobalSection(ExtensibilityGlobals) = postSolution
		SolutionGuid = {DCA4A737-3EC9-4145-9E24-D670DE3E0EC0}
	EndGlobalSection
EndGlobal
